
Microsoft Visual Studio Solution File, Format Version 12.00
# Visual Studio Version 17
VisualStudioVersion = 17.11.35327.3
MinimumVisualStudioVersion = 10.0.40219.1
Project("{FAE04EC0-301F-11D3-BF4B-00C04F79EFBC}") = "lab5_source", "lab5_source\lab5_source.csproj", "{3205E3DE-3444-4FC4-916B-727191AD074E}"
EndProject
Global
	GlobalSection(SolutionConfigurationPlatforms) = preSolution
		Debug|Any CPU = Debug|Any CPU
		Release|Any CPU = Release|Any CPU
	EndGlobalSection
	GlobalSection(ProjectConfigurationPlatforms) = postSolution
		{3205E3DE-3444-4FC4-916B-727191AD074E}.Debug|Any CPU.ActiveCfg = Debug|Any CPU
		{3205E3DE-3444-4FC4-916B-727191AD074E}.Debug|Any CPU.Build.0 = Debug|Any CPU
		{3205E3DE-3444-4FC4-916B-727191AD074E}.Release|Any CPU.ActiveCfg = Release|Any CPU
		{3205E3DE-3444-4FC4-916B-727191AD074E}.Release|Any CPU.Build.0 = Release|Any CPU
	EndGlobalSection
	GlobalSection(SolutionProperties) = preSolution
		HideSolutionNode = FALSE
	EndGlobalSection
	GlobalSection(ExtensibilityGlobals) = postSolution
		SolutionGuid = {5AD19168-A583-488A-8BD0-97251EBB8CED}
	EndGlobalSection
EndGlobal
